// !$*UTF8*$!
{
	archiveVersion = 1;
	classes = {
	};
	objectVersion = 56;
	objects = {

/* Begin PBXBuildFile section */
		19701D1629637DAA001A8532 /* AppDelegate.swift in Sources */ = {isa = PBXBuildFile; fileRef = 19701D1529637DAA001A8532 /* AppDelegate.swift */; };
		19701D1829637DAA001A8532 /* SceneDelegate.swift in Sources */ = {isa = PBXBuildFile; fileRef = 19701D1729637DAA001A8532 /* SceneDelegate.swift */; };
		19701D1A29637DAA001A8532 /* RMTabBarController.swift in Sources */ = {isa = PBXBuildFile; fileRef = 19701D1929637DAA001A8532 /* RMTabBarController.swift */; };
		19701D1F29637DAC001A8532 /* Assets.xcassets in Resources */ = {isa = PBXBuildFile; fileRef = 19701D1E29637DAC001A8532 /* Assets.xcassets */; };
		19701D2229637DAC001A8532 /* LaunchScreen.storyboard in Resources */ = {isa = PBXBuildFile; fileRef = 19701D2029637DAC001A8532 /* LaunchScreen.storyboard */; };
		19701D312963804C001A8532 /* RMLocation.swift in Sources */ = {isa = PBXBuildFile; fileRef = 19701D302963804C001A8532 /* RMLocation.swift */; };
		19701D3329638059001A8532 /* RMCharacter.swift in Sources */ = {isa = PBXBuildFile; fileRef = 19701D3229638059001A8532 /* RMCharacter.swift */; };
		19701D352963806A001A8532 /* RMEpisode.swift in Sources */ = {isa = PBXBuildFile; fileRef = 19701D342963806A001A8532 /* RMEpisode.swift */; };
		19701D38296380B8001A8532 /* RMCharacterViewController.swift in Sources */ = {isa = PBXBuildFile; fileRef = 19701D37296380B8001A8532 /* RMCharacterViewController.swift */; };
		19701D3A296380E1001A8532 /* RMLocationViewController.swift in Sources */ = {isa = PBXBuildFile; fileRef = 19701D39296380E1001A8532 /* RMLocationViewController.swift */; };
		19701D3C296380F9001A8532 /* RMEpisodeViewController.swift in Sources */ = {isa = PBXBuildFile; fileRef = 19701D3B296380F9001A8532 /* RMEpisodeViewController.swift */; };
		19701D3E29638107001A8532 /* RMSettingsViewController.swift in Sources */ = {isa = PBXBuildFile; fileRef = 19701D3D29638107001A8532 /* RMSettingsViewController.swift */; };
		19701D4029638773001A8532 /* RMService.swift in Sources */ = {isa = PBXBuildFile; fileRef = 19701D3F29638773001A8532 /* RMService.swift */; };
		19701D422963877F001A8532 /* RMRequest.swift in Sources */ = {isa = PBXBuildFile; fileRef = 19701D412963877F001A8532 /* RMRequest.swift */; };
		19701D44296387F0001A8532 /* RMEndPoint.swift in Sources */ = {isa = PBXBuildFile; fileRef = 19701D43296387F0001A8532 /* RMEndPoint.swift */; };
		19701D4629638BCA001A8532 /* RMOrigin.swift in Sources */ = {isa = PBXBuildFile; fileRef = 19701D4529638BCA001A8532 /* RMOrigin.swift */; };
		19701D4829638C0E001A8532 /* RMSingleLocation.swift in Sources */ = {isa = PBXBuildFile; fileRef = 19701D4729638C0E001A8532 /* RMSingleLocation.swift */; };
		19701D4A29638CED001A8532 /* RMCharacterStatus.swift in Sources */ = {isa = PBXBuildFile; fileRef = 19701D4929638CED001A8532 /* RMCharacterStatus.swift */; };
		19701D4C29638D10001A8532 /* RMCharacterGender.swift in Sources */ = {isa = PBXBuildFile; fileRef = 19701D4B29638D10001A8532 /* RMCharacterGender.swift */; };
		19701D502964B329001A8532 /* RMGetAllCharactersResponse.swift in Sources */ = {isa = PBXBuildFile; fileRef = 19701D4F2964B329001A8532 /* RMGetAllCharactersResponse.swift */; };
		19701D522964BA4E001A8532 /* CharacterListViewViewModel.swift in Sources */ = {isa = PBXBuildFile; fileRef = 19701D512964BA4E001A8532 /* CharacterListViewViewModel.swift */; };
		19701D542964BAA0001A8532 /* CharacterListView.swift in Sources */ = {isa = PBXBuildFile; fileRef = 19701D532964BAA0001A8532 /* CharacterListView.swift */; };
		19701D562964BDDC001A8532 /* Extensions.swift in Sources */ = {isa = PBXBuildFile; fileRef = 19701D552964BDDC001A8532 /* Extensions.swift */; };
		19701D582965DE8A001A8532 /* RMCharacterCollectionViewCell.swift in Sources */ = {isa = PBXBuildFile; fileRef = 19701D572965DE8A001A8532 /* RMCharacterCollectionViewCell.swift */; };
		19701D5A2965DF5E001A8532 /* RMCharacterCollectionViewCellViewModel.swift in Sources */ = {isa = PBXBuildFile; fileRef = 19701D592965DF5E001A8532 /* RMCharacterCollectionViewCellViewModel.swift */; };
		19701D5D296C7E56001A8532 /* RMCharacterDetailViewController.swift in Sources */ = {isa = PBXBuildFile; fileRef = 19701D5C296C7E56001A8532 /* RMCharacterDetailViewController.swift */; };
		19701D5F296C7EDF001A8532 /* RMCharacterDetailView.swift in Sources */ = {isa = PBXBuildFile; fileRef = 19701D5E296C7EDF001A8532 /* RMCharacterDetailView.swift */; };
		19701D61296C7EFB001A8532 /* RMCharacterDetailViewViewModel.swift in Sources */ = {isa = PBXBuildFile; fileRef = 19701D60296C7EFB001A8532 /* RMCharacterDetailViewViewModel.swift */; };
		19701D63296C8401001A8532 /* RMFooterLoadingCollectionReusableView.swift in Sources */ = {isa = PBXBuildFile; fileRef = 19701D62296C8401001A8532 /* RMFooterLoadingCollectionReusableView.swift */; };
		19701D652975AF19001A8532 /* RMImageLoader.swift in Sources */ = {isa = PBXBuildFile; fileRef = 19701D642975AF19001A8532 /* RMImageLoader.swift */; };
		19701D692975D249001A8532 /* RMCharacterPhotoCollectionViewCell.swift in Sources */ = {isa = PBXBuildFile; fileRef = 19701D682975D249001A8532 /* RMCharacterPhotoCollectionViewCell.swift */; };
		19701D6B2975D25D001A8532 /* RMCharacterInfoCollectionViewCell.swift in Sources */ = {isa = PBXBuildFile; fileRef = 19701D6A2975D25D001A8532 /* RMCharacterInfoCollectionViewCell.swift */; };
		19701D6D2975D26E001A8532 /* RMCharacterEpisodeCollectionViewCell.swift in Sources */ = {isa = PBXBuildFile; fileRef = 19701D6C2975D26E001A8532 /* RMCharacterEpisodeCollectionViewCell.swift */; };
		19701D702975D2B4001A8532 /* RmCharacterPhotoCollectionViewCellViewModel.swift in Sources */ = {isa = PBXBuildFile; fileRef = 19701D6F2975D2B4001A8532 /* RmCharacterPhotoCollectionViewCellViewModel.swift */; };
		19701D722975D2C6001A8532 /* RMCharacterInfoCollectionViewCellViewModel.swift in Sources */ = {isa = PBXBuildFile; fileRef = 19701D712975D2C6001A8532 /* RMCharacterInfoCollectionViewCellViewModel.swift */; };
		19701D742975D2D6001A8532 /* RMCharacterEpisodeCollectionViewCellViewModel.swift in Sources */ = {isa = PBXBuildFile; fileRef = 19701D732975D2D6001A8532 /* RMCharacterEpisodeCollectionViewCellViewModel.swift */; };
		19701D76297B0D15001A8532 /* RMEpisodeDetailViewController.swift in Sources */ = {isa = PBXBuildFile; fileRef = 19701D75297B0D15001A8532 /* RMEpisodeDetailViewController.swift */; };
		19701D78297B196C001A8532 /* RMAPICacheManager.swift in Sources */ = {isa = PBXBuildFile; fileRef = 19701D77297B196C001A8532 /* RMAPICacheManager.swift */; };
		19701D7A297B1D52001A8532 /* RMEpisodeDetailViewViewModel.swift in Sources */ = {isa = PBXBuildFile; fileRef = 19701D79297B1D52001A8532 /* RMEpisodeDetailViewViewModel.swift */; };
		19701D7C297B3132001A8532 /* RMEpisodeDetailView.swift in Sources */ = {isa = PBXBuildFile; fileRef = 19701D7B297B3132001A8532 /* RMEpisodeDetailView.swift */; };
		19701D7F297B3399001A8532 /* RmEpisodeListView.swift in Sources */ = {isa = PBXBuildFile; fileRef = 19701D7E297B3399001A8532 /* RmEpisodeListView.swift */; };
		19701D81297B35B2001A8532 /* RMEpisodeListViewViewModel.swift in Sources */ = {isa = PBXBuildFile; fileRef = 19701D80297B35B2001A8532 /* RMEpisodeListViewViewModel.swift */; };
		19701D83297B387C001A8532 /* RmGetAllEpisodesResponse.swift in Sources */ = {isa = PBXBuildFile; fileRef = 19701D82297B387C001A8532 /* RmGetAllEpisodesResponse.swift */; };
		19701D85297B42A0001A8532 /* RmSearchViewController.swift in Sources */ = {isa = PBXBuildFile; fileRef = 19701D84297B42A0001A8532 /* RmSearchViewController.swift */; };
/* End PBXBuildFile section */

/* Begin PBXFileReference section */
		19701D1229637DAA001A8532 /* RickAndMorty.app */ = {isa = PBXFileReference; explicitFileType = wrapper.application; includeInIndex = 0; path = RickAndMorty.app; sourceTree = BUILT_PRODUCTS_DIR; };
		19701D1529637DAA001A8532 /* AppDelegate.swift */ = {isa = PBXFileReference; lastKnownFileType = sourcecode.swift; path = AppDelegate.swift; sourceTree = "<group>"; };
		19701D1729637DAA001A8532 /* SceneDelegate.swift */ = {isa = PBXFileReference; lastKnownFileType = sourcecode.swift; path = SceneDelegate.swift; sourceTree = "<group>"; };
		19701D1929637DAA001A8532 /* RMTabBarController.swift */ = {isa = PBXFileReference; lastKnownFileType = sourcecode.swift; path = RMTabBarController.swift; sourceTree = "<group>"; };
		19701D1E29637DAC001A8532 /* Assets.xcassets */ = {isa = PBXFileReference; lastKnownFileType = folder.assetcatalog; path = Assets.xcassets; sourceTree = "<group>"; };
		19701D2129637DAC001A8532 /* Base */ = {isa = PBXFileReference; lastKnownFileType = file.storyboard; name = Base; path = Base.lproj/LaunchScreen.storyboard; sourceTree = "<group>"; };
		19701D2329637DAC001A8532 /* Info.plist */ = {isa = PBXFileReference; lastKnownFileType = text.plist.xml; path = Info.plist; sourceTree = "<group>"; };
		19701D302963804C001A8532 /* RMLocation.swift */ = {isa = PBXFileReference; lastKnownFileType = sourcecode.swift; path = RMLocation.swift; sourceTree = "<group>"; };
		19701D3229638059001A8532 /* RMCharacter.swift */ = {isa = PBXFileReference; lastKnownFileType = sourcecode.swift; path = RMCharacter.swift; sourceTree = "<group>"; };
		19701D342963806A001A8532 /* RMEpisode.swift */ = {isa = PBXFileReference; lastKnownFileType = sourcecode.swift; path = RMEpisode.swift; sourceTree = "<group>"; };
		19701D37296380B8001A8532 /* RMCharacterViewController.swift */ = {isa = PBXFileReference; lastKnownFileType = sourcecode.swift; path = RMCharacterViewController.swift; sourceTree = "<group>"; };
		19701D39296380E1001A8532 /* RMLocationViewController.swift */ = {isa = PBXFileReference; lastKnownFileType = sourcecode.swift; path = RMLocationViewController.swift; sourceTree = "<group>"; };
		19701D3B296380F9001A8532 /* RMEpisodeViewController.swift */ = {isa = PBXFileReference; lastKnownFileType = sourcecode.swift; path = RMEpisodeViewController.swift; sourceTree = "<group>"; };
		19701D3D29638107001A8532 /* RMSettingsViewController.swift */ = {isa = PBXFileReference; lastKnownFileType = sourcecode.swift; path = RMSettingsViewController.swift; sourceTree = "<group>"; };
		19701D3F29638773001A8532 /* RMService.swift */ = {isa = PBXFileReference; lastKnownFileType = sourcecode.swift; path = RMService.swift; sourceTree = "<group>"; };
		19701D412963877F001A8532 /* RMRequest.swift */ = {isa = PBXFileReference; lastKnownFileType = sourcecode.swift; path = RMRequest.swift; sourceTree = "<group>"; };
		19701D43296387F0001A8532 /* RMEndPoint.swift */ = {isa = PBXFileReference; lastKnownFileType = sourcecode.swift; path = RMEndPoint.swift; sourceTree = "<group>"; };
		19701D4529638BCA001A8532 /* RMOrigin.swift */ = {isa = PBXFileReference; lastKnownFileType = sourcecode.swift; path = RMOrigin.swift; sourceTree = "<group>"; };
		19701D4729638C0E001A8532 /* RMSingleLocation.swift */ = {isa = PBXFileReference; lastKnownFileType = sourcecode.swift; path = RMSingleLocation.swift; sourceTree = "<group>"; };
		19701D4929638CED001A8532 /* RMCharacterStatus.swift */ = {isa = PBXFileReference; lastKnownFileType = sourcecode.swift; path = RMCharacterStatus.swift; sourceTree = "<group>"; };
		19701D4B29638D10001A8532 /* RMCharacterGender.swift */ = {isa = PBXFileReference; lastKnownFileType = sourcecode.swift; path = RMCharacterGender.swift; sourceTree = "<group>"; };
		19701D4F2964B329001A8532 /* RMGetAllCharactersResponse.swift */ = {isa = PBXFileReference; lastKnownFileType = sourcecode.swift; path = RMGetAllCharactersResponse.swift; sourceTree = "<group>"; };
		19701D512964BA4E001A8532 /* CharacterListViewViewModel.swift */ = {isa = PBXFileReference; lastKnownFileType = sourcecode.swift; path = CharacterListViewViewModel.swift; sourceTree = "<group>"; };
		19701D532964BAA0001A8532 /* CharacterListView.swift */ = {isa = PBXFileReference; lastKnownFileType = sourcecode.swift; path = CharacterListView.swift; sourceTree = "<group>"; };
		19701D552964BDDC001A8532 /* Extensions.swift */ = {isa = PBXFileReference; lastKnownFileType = sourcecode.swift; path = Extensions.swift; sourceTree = "<group>"; };
		19701D572965DE8A001A8532 /* RMCharacterCollectionViewCell.swift */ = {isa = PBXFileReference; lastKnownFileType = sourcecode.swift; path = RMCharacterCollectionViewCell.swift; sourceTree = "<group>"; };
		19701D592965DF5E001A8532 /* RMCharacterCollectionViewCellViewModel.swift */ = {isa = PBXFileReference; lastKnownFileType = sourcecode.swift; path = RMCharacterCollectionViewCellViewModel.swift; sourceTree = "<group>"; };
		19701D5C296C7E56001A8532 /* RMCharacterDetailViewController.swift */ = {isa = PBXFileReference; lastKnownFileType = sourcecode.swift; path = RMCharacterDetailViewController.swift; sourceTree = "<group>"; };
		19701D5E296C7EDF001A8532 /* RMCharacterDetailView.swift */ = {isa = PBXFileReference; lastKnownFileType = sourcecode.swift; path = RMCharacterDetailView.swift; sourceTree = "<group>"; };
		19701D60296C7EFB001A8532 /* RMCharacterDetailViewViewModel.swift */ = {isa = PBXFileReference; lastKnownFileType = sourcecode.swift; path = RMCharacterDetailViewViewModel.swift; sourceTree = "<group>"; };
		19701D62296C8401001A8532 /* RMFooterLoadingCollectionReusableView.swift */ = {isa = PBXFileReference; lastKnownFileType = sourcecode.swift; path = RMFooterLoadingCollectionReusableView.swift; sourceTree = "<group>"; };
		19701D642975AF19001A8532 /* RMImageLoader.swift */ = {isa = PBXFileReference; lastKnownFileType = sourcecode.swift; path = RMImageLoader.swift; sourceTree = "<group>"; };
		19701D682975D249001A8532 /* RMCharacterPhotoCollectionViewCell.swift */ = {isa = PBXFileReference; lastKnownFileType = sourcecode.swift; path = RMCharacterPhotoCollectionViewCell.swift; sourceTree = "<group>"; };
		19701D6A2975D25D001A8532 /* RMCharacterInfoCollectionViewCell.swift */ = {isa = PBXFileReference; lastKnownFileType = sourcecode.swift; path = RMCharacterInfoCollectionViewCell.swift; sourceTree = "<group>"; };
		19701D6C2975D26E001A8532 /* RMCharacterEpisodeCollectionViewCell.swift */ = {isa = PBXFileReference; lastKnownFileType = sourcecode.swift; path = RMCharacterEpisodeCollectionViewCell.swift; sourceTree = "<group>"; };
		19701D6F2975D2B4001A8532 /* RmCharacterPhotoCollectionViewCellViewModel.swift */ = {isa = PBXFileReference; lastKnownFileType = sourcecode.swift; path = RmCharacterPhotoCollectionViewCellViewModel.swift; sourceTree = "<group>"; };
		19701D712975D2C6001A8532 /* RMCharacterInfoCollectionViewCellViewModel.swift */ = {isa = PBXFileReference; lastKnownFileType = sourcecode.swift; path = RMCharacterInfoCollectionViewCellViewModel.swift; sourceTree = "<group>"; };
		19701D732975D2D6001A8532 /* RMCharacterEpisodeCollectionViewCellViewModel.swift */ = {isa = PBXFileReference; lastKnownFileType = sourcecode.swift; path = RMCharacterEpisodeCollectionViewCellViewModel.swift; sourceTree = "<group>"; };
		19701D75297B0D15001A8532 /* RMEpisodeDetailViewController.swift */ = {isa = PBXFileReference; lastKnownFileType = sourcecode.swift; path = RMEpisodeDetailViewController.swift; sourceTree = "<group>"; };
		19701D77297B196C001A8532 /* RMAPICacheManager.swift */ = {isa = PBXFileReference; lastKnownFileType = sourcecode.swift; path = RMAPICacheManager.swift; sourceTree = "<group>"; };
		19701D79297B1D52001A8532 /* RMEpisodeDetailViewViewModel.swift */ = {isa = PBXFileReference; lastKnownFileType = sourcecode.swift; path = RMEpisodeDetailViewViewModel.swift; sourceTree = "<group>"; };
		19701D7B297B3132001A8532 /* RMEpisodeDetailView.swift */ = {isa = PBXFileReference; lastKnownFileType = sourcecode.swift; path = RMEpisodeDetailView.swift; sourceTree = "<group>"; };
		19701D7E297B3399001A8532 /* RmEpisodeListView.swift */ = {isa = PBXFileReference; lastKnownFileType = sourcecode.swift; path = RmEpisodeListView.swift; sourceTree = "<group>"; };
		19701D80297B35B2001A8532 /* RMEpisodeListViewViewModel.swift */ = {isa = PBXFileReference; lastKnownFileType = sourcecode.swift; path = RMEpisodeListViewViewModel.swift; sourceTree = "<group>"; };
		19701D82297B387C001A8532 /* RmGetAllEpisodesResponse.swift */ = {isa = PBXFileReference; lastKnownFileType = sourcecode.swift; path = RmGetAllEpisodesResponse.swift; sourceTree = "<group>"; };
		19701D84297B42A0001A8532 /* RmSearchViewController.swift */ = {isa = PBXFileReference; lastKnownFileType = sourcecode.swift; path = RmSearchViewController.swift; sourceTree = "<group>"; };
/* End PBXFileReference section */

/* Begin PBXFrameworksBuildPhase section */
		19701D0F29637DAA001A8532 /* Frameworks */ = {
			isa = PBXFrameworksBuildPhase;
			buildActionMask = 2147483647;
			files = (
			);
			runOnlyForDeploymentPostprocessing = 0;
		};
/* End PBXFrameworksBuildPhase section */

/* Begin PBXGroup section */
		19701D0929637DAA001A8532 = {
			isa = PBXGroup;
			children = (
				19701D1429637DAA001A8532 /* RickAndMorty */,
				19701D1329637DAA001A8532 /* Products */,
			);
			sourceTree = "<group>";
		};
		19701D1329637DAA001A8532 /* Products */ = {
			isa = PBXGroup;
			children = (
				19701D1229637DAA001A8532 /* RickAndMorty.app */,
			);
			name = Products;
			sourceTree = "<group>";
		};
		19701D1429637DAA001A8532 /* RickAndMorty */ = {
			isa = PBXGroup;
			children = (
				19701D2F29637FD9001A8532 /* Resources */,
				19701D2E29637FD2001A8532 /* Managers */,
				19701D2D29637FBE001A8532 /* APIClient */,
				19701D2C29637FB8001A8532 /* ViewModels */,
				19701D2B29637FB3001A8532 /* Views */,
				19701D2A29637FAE001A8532 /* Models */,
				19701D2929637F99001A8532 /* Controllers */,
				19701D2329637DAC001A8532 /* Info.plist */,
			);
			path = RickAndMorty;
			sourceTree = "<group>";
		};
		19701D2929637F99001A8532 /* Controllers */ = {
			isa = PBXGroup;
			children = (
				19701D5B296C7E2B001A8532 /* Other */,
				19701D3629638095001A8532 /* Core */,
			);
			path = Controllers;
			sourceTree = "<group>";
		};
		19701D2A29637FAE001A8532 /* Models */ = {
			isa = PBXGroup;
			children = (
				19701D4E2964B318001A8532 /* APIRespondFiles */,
				19701D4D2964B30E001A8532 /* DataTypes */,
			);
			path = Models;
			sourceTree = "<group>";
		};
		19701D2B29637FB3001A8532 /* Views */ = {
			isa = PBXGroup;
			children = (
				19701D7D297B3389001A8532 /* Episode */,
				19701D662975D1F3001A8532 /* CharacterDetails */,
				19701D672975D216001A8532 /* Character */,
				19701D62296C8401001A8532 /* RMFooterLoadingCollectionReusableView.swift */,
				19701D7B297B3132001A8532 /* RMEpisodeDetailView.swift */,
			);
			path = Views;
			sourceTree = "<group>";
		};
		19701D2C29637FB8001A8532 /* ViewModels */ = {
			isa = PBXGroup;
			children = (
				19701D6E2975D285001A8532 /* CharacterDetail */,
				19701D512964BA4E001A8532 /* CharacterListViewViewModel.swift */,
				19701D592965DF5E001A8532 /* RMCharacterCollectionViewCellViewModel.swift */,
				19701D79297B1D52001A8532 /* RMEpisodeDetailViewViewModel.swift */,
				19701D80297B35B2001A8532 /* RMEpisodeListViewViewModel.swift */,
			);
			path = ViewModels;
			sourceTree = "<group>";
		};
		19701D2D29637FBE001A8532 /* APIClient */ = {
			isa = PBXGroup;
			children = (
				19701D3F29638773001A8532 /* RMService.swift */,
				19701D412963877F001A8532 /* RMRequest.swift */,
				19701D43296387F0001A8532 /* RMEndPoint.swift */,
			);
			path = APIClient;
			sourceTree = "<group>";
		};
		19701D2E29637FD2001A8532 /* Managers */ = {
			isa = PBXGroup;
			children = (
				19701D642975AF19001A8532 /* RMImageLoader.swift */,
				19701D77297B196C001A8532 /* RMAPICacheManager.swift */,
			);
			path = Managers;
			sourceTree = "<group>";
		};
		19701D2F29637FD9001A8532 /* Resources */ = {
			isa = PBXGroup;
			children = (
				19701D1529637DAA001A8532 /* AppDelegate.swift */,
				19701D1729637DAA001A8532 /* SceneDelegate.swift */,
				19701D1E29637DAC001A8532 /* Assets.xcassets */,
				19701D2029637DAC001A8532 /* LaunchScreen.storyboard */,
				19701D552964BDDC001A8532 /* Extensions.swift */,
			);
			path = Resources;
			sourceTree = "<group>";
		};
		19701D3629638095001A8532 /* Core */ = {
			isa = PBXGroup;
			children = (
				19701D1929637DAA001A8532 /* RMTabBarController.swift */,
				19701D37296380B8001A8532 /* RMCharacterViewController.swift */,
				19701D39296380E1001A8532 /* RMLocationViewController.swift */,
				19701D3B296380F9001A8532 /* RMEpisodeViewController.swift */,
				19701D3D29638107001A8532 /* RMSettingsViewController.swift */,
			);
			path = Core;
			sourceTree = "<group>";
		};
		19701D4D2964B30E001A8532 /* DataTypes */ = {
			isa = PBXGroup;
			children = (
				19701D302963804C001A8532 /* RMLocation.swift */,
				19701D3229638059001A8532 /* RMCharacter.swift */,
				19701D342963806A001A8532 /* RMEpisode.swift */,
				19701D4529638BCA001A8532 /* RMOrigin.swift */,
				19701D4729638C0E001A8532 /* RMSingleLocation.swift */,
				19701D4929638CED001A8532 /* RMCharacterStatus.swift */,
				19701D4B29638D10001A8532 /* RMCharacterGender.swift */,
			);
			path = DataTypes;
			sourceTree = "<group>";
		};
		19701D4E2964B318001A8532 /* APIRespondFiles */ = {
			isa = PBXGroup;
			children = (
				19701D4F2964B329001A8532 /* RMGetAllCharactersResponse.swift */,
				19701D82297B387C001A8532 /* RmGetAllEpisodesResponse.swift */,
			);
			path = APIRespondFiles;
			sourceTree = "<group>";
		};
		19701D5B296C7E2B001A8532 /* Other */ = {
			isa = PBXGroup;
			children = (
				19701D5C296C7E56001A8532 /* RMCharacterDetailViewController.swift */,
				19701D75297B0D15001A8532 /* RMEpisodeDetailViewController.swift */,
				19701D84297B42A0001A8532 /* RmSearchViewController.swift */,
			);
			path = Other;
			sourceTree = "<group>";
		};
		19701D662975D1F3001A8532 /* CharacterDetails */ = {
			isa = PBXGroup;
			children = (
				19701D5E296C7EDF001A8532 /* RMCharacterDetailView.swift */,
				19701D682975D249001A8532 /* RMCharacterPhotoCollectionViewCell.swift */,
				19701D6A2975D25D001A8532 /* RMCharacterInfoCollectionViewCell.swift */,
				19701D6C2975D26E001A8532 /* RMCharacterEpisodeCollectionViewCell.swift */,
			);
			path = CharacterDetails;
			sourceTree = "<group>";
		};
		19701D672975D216001A8532 /* Character */ = {
			isa = PBXGroup;
			children = (
				19701D532964BAA0001A8532 /* CharacterListView.swift */,
				19701D572965DE8A001A8532 /* RMCharacterCollectionViewCell.swift */,
			);
			path = Character;
			sourceTree = "<group>";
		};
		19701D6E2975D285001A8532 /* CharacterDetail */ = {
			isa = PBXGroup;
			children = (
				19701D60296C7EFB001A8532 /* RMCharacterDetailViewViewModel.swift */,
				19701D6F2975D2B4001A8532 /* RmCharacterPhotoCollectionViewCellViewModel.swift */,
				19701D712975D2C6001A8532 /* RMCharacterInfoCollectionViewCellViewModel.swift */,
				19701D732975D2D6001A8532 /* RMCharacterEpisodeCollectionViewCellViewModel.swift */,
			);
			path = CharacterDetail;
			sourceTree = "<group>";
		};
		19701D7D297B3389001A8532 /* Episode */ = {
			isa = PBXGroup;
			children = (
				19701D7E297B3399001A8532 /* RmEpisodeListView.swift */,
			);
			path = Episode;
			sourceTree = "<group>";
		};
/* End PBXGroup section */

/* Begin PBXNativeTarget section */
		19701D1129637DAA001A8532 /* RickAndMorty */ = {
			isa = PBXNativeTarget;
			buildConfigurationList = 19701D2629637DAC001A8532 /* Build configuration list for PBXNativeTarget "RickAndMorty" */;
			buildPhases = (
				19701D0E29637DAA001A8532 /* Sources */,
				19701D0F29637DAA001A8532 /* Frameworks */,
				19701D1029637DAA001A8532 /* Resources */,
			);
			buildRules = (
			);
			dependencies = (
			);
			name = RickAndMorty;
			productName = RickAndMorty;
			productReference = 19701D1229637DAA001A8532 /* RickAndMorty.app */;
			productType = "com.apple.product-type.application";
		};
/* End PBXNativeTarget section */

/* Begin PBXProject section */
		19701D0A29637DAA001A8532 /* Project object */ = {
			isa = PBXProject;
			attributes = {
				BuildIndependentTargetsInParallel = 1;
				LastSwiftUpdateCheck = 1420;
				LastUpgradeCheck = 1420;
				TargetAttributes = {
					19701D1129637DAA001A8532 = {
						CreatedOnToolsVersion = 14.2;
					};
				};
			};
			buildConfigurationList = 19701D0D29637DAA001A8532 /* Build configuration list for PBXProject "RickAndMorty" */;
			compatibilityVersion = "Xcode 14.0";
			developmentRegion = en;
			hasScannedForEncodings = 0;
			knownRegions = (
				en,
				Base,
			);
			mainGroup = 19701D0929637DAA001A8532;
			productRefGroup = 19701D1329637DAA001A8532 /* Products */;
			projectDirPath = "";
			projectRoot = "";
			targets = (
				19701D1129637DAA001A8532 /* RickAndMorty */,
			);
		};
/* End PBXProject section */

/* Begin PBXResourcesBuildPhase section */
		19701D1029637DAA001A8532 /* Resources */ = {
			isa = PBXResourcesBuildPhase;
			buildActionMask = 2147483647;
			files = (
				19701D2229637DAC001A8532 /* LaunchScreen.storyboard in Resources */,
				19701D1F29637DAC001A8532 /* Assets.xcassets in Resources */,
			);
			runOnlyForDeploymentPostprocessing = 0;
		};
/* End PBXResourcesBuildPhase section */

/* Begin PBXSourcesBuildPhase section */
		19701D0E29637DAA001A8532 /* Sources */ = {
			isa = PBXSourcesBuildPhase;
			buildActionMask = 2147483647;
			files = (
				19701D692975D249001A8532 /* RMCharacterPhotoCollectionViewCell.swift in Sources */,
				19701D7F297B3399001A8532 /* RmEpisodeListView.swift in Sources */,
				19701D502964B329001A8532 /* RMGetAllCharactersResponse.swift in Sources */,
				19701D61296C7EFB001A8532 /* RMCharacterDetailViewViewModel.swift in Sources */,
				19701D4629638BCA001A8532 /* RMOrigin.swift in Sources */,
				19701D542964BAA0001A8532 /* CharacterListView.swift in Sources */,
				19701D4829638C0E001A8532 /* RMSingleLocation.swift in Sources */,
				19701D4A29638CED001A8532 /* RMCharacterStatus.swift in Sources */,
				19701D4C29638D10001A8532 /* RMCharacterGender.swift in Sources */,
				19701D5D296C7E56001A8532 /* RMCharacterDetailViewController.swift in Sources */,
				19701D63296C8401001A8532 /* RMFooterLoadingCollectionReusableView.swift in Sources */,
				19701D3A296380E1001A8532 /* RMLocationViewController.swift in Sources */,
				19701D6B2975D25D001A8532 /* RMCharacterInfoCollectionViewCell.swift in Sources */,
				19701D352963806A001A8532 /* RMEpisode.swift in Sources */,
				19701D1A29637DAA001A8532 /* RMTabBarController.swift in Sources */,
				19701D722975D2C6001A8532 /* RMCharacterInfoCollectionViewCellViewModel.swift in Sources */,
				19701D582965DE8A001A8532 /* RMCharacterCollectionViewCell.swift in Sources */,
				19701D3C296380F9001A8532 /* RMEpisodeViewController.swift in Sources */,
				19701D652975AF19001A8532 /* RMImageLoader.swift in Sources */,
				19701D1629637DAA001A8532 /* AppDelegate.swift in Sources */,
				19701D1829637DAA001A8532 /* SceneDelegate.swift in Sources */,
				19701D742975D2D6001A8532 /* RMCharacterEpisodeCollectionViewCellViewModel.swift in Sources */,
				19701D3E29638107001A8532 /* RMSettingsViewController.swift in Sources */,
				19701D562964BDDC001A8532 /* Extensions.swift in Sources */,
				19701D702975D2B4001A8532 /* RmCharacterPhotoCollectionViewCellViewModel.swift in Sources */,
				19701D44296387F0001A8532 /* RMEndPoint.swift in Sources */,
				19701D4029638773001A8532 /* RMService.swift in Sources */,
				19701D312963804C001A8532 /* RMLocation.swift in Sources */,
				19701D76297B0D15001A8532 /* RMEpisodeDetailViewController.swift in Sources */,
				19701D85297B42A0001A8532 /* RmSearchViewController.swift in Sources */,
				19701D7C297B3132001A8532 /* RMEpisodeDetailView.swift in Sources */,
				19701D3329638059001A8532 /* RMCharacter.swift in Sources */,
				19701D5A2965DF5E001A8532 /* RMCharacterCollectionViewCellViewModel.swift in Sources */,
				19701D422963877F001A8532 /* RMRequest.swift in Sources */,
				19701D522964BA4E001A8532 /* CharacterListViewViewModel.swift in Sources */,
				19701D6D2975D26E001A8532 /* RMCharacterEpisodeCollectionViewCell.swift in Sources */,
				19701D38296380B8001A8532 /* RMCharacterViewController.swift in Sources */,
				19701D81297B35B2001A8532 /* RMEpisodeListViewViewModel.swift in Sources */,
				19701D78297B196C001A8532 /* RMAPICacheManager.swift in Sources */,
				19701D83297B387C001A8532 /* RmGetAllEpisodesResponse.swift in Sources */,
				19701D7A297B1D52001A8532 /* RMEpisodeDetailViewViewModel.swift in Sources */,
				19701D5F296C7EDF001A8532 /* RMCharacterDetailView.swift in Sources */,
			);
			runOnlyForDeploymentPostprocessing = 0;
		};
/* End PBXSourcesBuildPhase section */

/* Begin PBXVariantGroup section */
		19701D2029637DAC001A8532 /* LaunchScreen.storyboard */ = {
			isa = PBXVariantGroup;
			children = (
				19701D2129637DAC001A8532 /* Base */,
			);
			name = LaunchScreen.storyboard;
			sourceTree = "<group>";
		};
/* End PBXVariantGroup section */

/* Begin XCBuildConfiguration section */
		19701D2429637DAC001A8532 /* Debug */ = {
			isa = XCBuildConfiguration;
			buildSettings = {
				ALWAYS_SEARCH_USER_PATHS = NO;
				CLANG_ANALYZER_NONNULL = YES;
				CLANG_ANALYZER_NUMBER_OBJECT_CONVERSION = YES_AGGRESSIVE;
				CLANG_CXX_LANGUAGE_STANDARD = "gnu++20";
				CLANG_ENABLE_MODULES = YES;
				CLANG_ENABLE_OBJC_ARC = YES;
				CLANG_ENABLE_OBJC_WEAK = YES;
				CLANG_WARN_BLOCK_CAPTURE_AUTORELEASING = YES;
				CLANG_WARN_BOOL_CONVERSION = YES;
				CLANG_WARN_COMMA = YES;
				CLANG_WARN_CONSTANT_CONVERSION = YES;
				CLANG_WARN_DEPRECATED_OBJC_IMPLEMENTATIONS = YES;
				CLANG_WARN_DIRECT_OBJC_ISA_USAGE = YES_ERROR;
				CLANG_WARN_DOCUMENTATION_COMMENTS = YES;
				CLANG_WARN_EMPTY_BODY = YES;
				CLANG_WARN_ENUM_CONVERSION = YES;
				CLANG_WARN_INFINITE_RECURSION = YES;
				CLANG_WARN_INT_CONVERSION = YES;
				CLANG_WARN_NON_LITERAL_NULL_CONVERSION = YES;
				CLANG_WARN_OBJC_IMPLICIT_RETAIN_SELF = YES;
				CLANG_WARN_OBJC_LITERAL_CONVERSION = YES;
				CLANG_WARN_OBJC_ROOT_CLASS = YES_ERROR;
				CLANG_WARN_QUOTED_INCLUDE_IN_FRAMEWORK_HEADER = YES;
				CLANG_WARN_RANGE_LOOP_ANALYSIS = YES;
				CLANG_WARN_STRICT_PROTOTYPES = YES;
				CLANG_WARN_SUSPICIOUS_MOVE = YES;
				CLANG_WARN_UNGUARDED_AVAILABILITY = YES_AGGRESSIVE;
				CLANG_WARN_UNREACHABLE_CODE = YES;
				CLANG_WARN__DUPLICATE_METHOD_MATCH = YES;
				COPY_PHASE_STRIP = NO;
				DEBUG_INFORMATION_FORMAT = dwarf;
				ENABLE_STRICT_OBJC_MSGSEND = YES;
				ENABLE_TESTABILITY = YES;
				GCC_C_LANGUAGE_STANDARD = gnu11;
				GCC_DYNAMIC_NO_PIC = NO;
				GCC_NO_COMMON_BLOCKS = YES;
				GCC_OPTIMIZATION_LEVEL = 0;
				GCC_PREPROCESSOR_DEFINITIONS = (
					"DEBUG=1",
					"$(inherited)",
				);
				GCC_WARN_64_TO_32_BIT_CONVERSION = YES;
				GCC_WARN_ABOUT_RETURN_TYPE = YES_ERROR;
				GCC_WARN_UNDECLARED_SELECTOR = YES;
				GCC_WARN_UNINITIALIZED_AUTOS = YES_AGGRESSIVE;
				GCC_WARN_UNUSED_FUNCTION = YES;
				GCC_WARN_UNUSED_VARIABLE = YES;
				IPHONEOS_DEPLOYMENT_TARGET = 16.2;
				MTL_ENABLE_DEBUG_INFO = INCLUDE_SOURCE;
				MTL_FAST_MATH = YES;
				ONLY_ACTIVE_ARCH = YES;
				SDKROOT = iphoneos;
				SWIFT_ACTIVE_COMPILATION_CONDITIONS = DEBUG;
				SWIFT_OPTIMIZATION_LEVEL = "-Onone";
			};
			name = Debug;
		};
		19701D2529637DAC001A8532 /* Release */ = {
			isa = XCBuildConfiguration;
			buildSettings = {
				ALWAYS_SEARCH_USER_PATHS = NO;
				CLANG_ANALYZER_NONNULL = YES;
				CLANG_ANALYZER_NUMBER_OBJECT_CONVERSION = YES_AGGRESSIVE;
				CLANG_CXX_LANGUAGE_STANDARD = "gnu++20";
				CLANG_ENABLE_MODULES = YES;
				CLANG_ENABLE_OBJC_ARC = YES;
				CLANG_ENABLE_OBJC_WEAK = YES;
				CLANG_WARN_BLOCK_CAPTURE_AUTORELEASING = YES;
				CLANG_WARN_BOOL_CONVERSION = YES;
				CLANG_WARN_COMMA = YES;
				CLANG_WARN_CONSTANT_CONVERSION = YES;
				CLANG_WARN_DEPRECATED_OBJC_IMPLEMENTATIONS = YES;
				CLANG_WARN_DIRECT_OBJC_ISA_USAGE = YES_ERROR;
				CLANG_WARN_DOCUMENTATION_COMMENTS = YES;
				CLANG_WARN_EMPTY_BODY = YES;
				CLANG_WARN_ENUM_CONVERSION = YES;
				CLANG_WARN_INFINITE_RECURSION = YES;
				CLANG_WARN_INT_CONVERSION = YES;
				CLANG_WARN_NON_LITERAL_NULL_CONVERSION = YES;
				CLANG_WARN_OBJC_IMPLICIT_RETAIN_SELF = YES;
				CLANG_WARN_OBJC_LITERAL_CONVERSION = YES;
				CLANG_WARN_OBJC_ROOT_CLASS = YES_ERROR;
				CLANG_WARN_QUOTED_INCLUDE_IN_FRAMEWORK_HEADER = YES;
				CLANG_WARN_RANGE_LOOP_ANALYSIS = YES;
				CLANG_WARN_STRICT_PROTOTYPES = YES;
				CLANG_WARN_SUSPICIOUS_MOVE = YES;
				CLANG_WARN_UNGUARDED_AVAILABILITY = YES_AGGRESSIVE;
				CLANG_WARN_UNREACHABLE_CODE = YES;
				CLANG_WARN__DUPLICATE_METHOD_MATCH = YES;
				COPY_PHASE_STRIP = NO;
				DEBUG_INFORMATION_FORMAT = "dwarf-with-dsym";
				ENABLE_NS_ASSERTIONS = NO;
				ENABLE_STRICT_OBJC_MSGSEND = YES;
				GCC_C_LANGUAGE_STANDARD = gnu11;
				GCC_NO_COMMON_BLOCKS = YES;
				GCC_WARN_64_TO_32_BIT_CONVERSION = YES;
				GCC_WARN_ABOUT_RETURN_TYPE = YES_ERROR;
				GCC_WARN_UNDECLARED_SELECTOR = YES;
				GCC_WARN_UNINITIALIZED_AUTOS = YES_AGGRESSIVE;
				GCC_WARN_UNUSED_FUNCTION = YES;
				GCC_WARN_UNUSED_VARIABLE = YES;
				IPHONEOS_DEPLOYMENT_TARGET = 16.2;
				MTL_ENABLE_DEBUG_INFO = NO;
				MTL_FAST_MATH = YES;
				SDKROOT = iphoneos;
				SWIFT_COMPILATION_MODE = wholemodule;
				SWIFT_OPTIMIZATION_LEVEL = "-O";
				VALIDATE_PRODUCT = YES;
			};
			name = Release;
		};
		19701D2729637DAC001A8532 /* Debug */ = {
			isa = XCBuildConfiguration;
			buildSettings = {
				ASSETCATALOG_COMPILER_APPICON_NAME = AppIcon;
				ASSETCATALOG_COMPILER_GLOBAL_ACCENT_COLOR_NAME = AccentColor;
				CODE_SIGN_STYLE = Automatic;
				CURRENT_PROJECT_VERSION = 1;
				GENERATE_INFOPLIST_FILE = YES;
				INFOPLIST_FILE = RickAndMorty/Info.plist;
				INFOPLIST_KEY_UIApplicationSupportsIndirectInputEvents = YES;
				INFOPLIST_KEY_UILaunchStoryboardName = LaunchScreen;
				INFOPLIST_KEY_UISupportedInterfaceOrientations_iPad = "UIInterfaceOrientationPortrait UIInterfaceOrientationPortraitUpsideDown UIInterfaceOrientationLandscapeLeft UIInterfaceOrientationLandscapeRight";
				INFOPLIST_KEY_UISupportedInterfaceOrientations_iPhone = "UIInterfaceOrientationPortrait UIInterfaceOrientationLandscapeLeft UIInterfaceOrientationLandscapeRight";
				LD_RUNPATH_SEARCH_PATHS = (
					"$(inherited)",
					"@executable_path/Frameworks",
				);
				MARKETING_VERSION = 1.0;
				PRODUCT_BUNDLE_IDENTIFIER = Ricardo.RickAndMorty;
				PRODUCT_NAME = "$(TARGET_NAME)";
				SWIFT_EMIT_LOC_STRINGS = YES;
				SWIFT_VERSION = 5.0;
				TARGETED_DEVICE_FAMILY = "1,2";
			};
			name = Debug;
		};
		19701D2829637DAC001A8532 /* Release */ = {
			isa = XCBuildConfiguration;
			buildSettings = {
				ASSETCATALOG_COMPILER_APPICON_NAME = AppIcon;
				ASSETCATALOG_COMPILER_GLOBAL_ACCENT_COLOR_NAME = AccentColor;
				CODE_SIGN_STYLE = Automatic;
				CURRENT_PROJECT_VERSION = 1;
				GENERATE_INFOPLIST_FILE = YES;
				INFOPLIST_FILE = RickAndMorty/Info.plist;
				INFOPLIST_KEY_UIApplicationSupportsIndirectInputEvents = YES;
				INFOPLIST_KEY_UILaunchStoryboardName = LaunchScreen;
				INFOPLIST_KEY_UISupportedInterfaceOrientations_iPad = "UIInterfaceOrientationPortrait UIInterfaceOrientationPortraitUpsideDown UIInterfaceOrientationLandscapeLeft UIInterfaceOrientationLandscapeRight";
				INFOPLIST_KEY_UISupportedInterfaceOrientations_iPhone = "UIInterfaceOrientationPortrait UIInterfaceOrientationLandscapeLeft UIInterfaceOrientationLandscapeRight";
				LD_RUNPATH_SEARCH_PATHS = (
					"$(inherited)",
					"@executable_path/Frameworks",
				);
				MARKETING_VERSION = 1.0;
				PRODUCT_BUNDLE_IDENTIFIER = Ricardo.RickAndMorty;
				PRODUCT_NAME = "$(TARGET_NAME)";
				SWIFT_EMIT_LOC_STRINGS = YES;
				SWIFT_VERSION = 5.0;
				TARGETED_DEVICE_FAMILY = "1,2";
			};
			name = Release;
		};
/* End XCBuildConfiguration section */

/* Begin XCConfigurationList section */
		19701D0D29637DAA001A8532 /* Build configuration list for PBXProject "RickAndMorty" */ = {
			isa = XCConfigurationList;
			buildConfigurations = (
				19701D2429637DAC001A8532 /* Debug */,
				19701D2529637DAC001A8532 /* Release */,
			);
			defaultConfigurationIsVisible = 0;
			defaultConfigurationName = Release;
		};
		19701D2629637DAC001A8532 /* Build configuration list for PBXNativeTarget "RickAndMorty" */ = {
			isa = XCConfigurationList;
			buildConfigurations = (
				19701D2729637DAC001A8532 /* Debug */,
				19701D2829637DAC001A8532 /* Release */,
			);
			defaultConfigurationIsVisible = 0;
			defaultConfigurationName = Release;
		};
/* End XCConfigurationList section */
	};
	rootObject = 19701D0A29637DAA001A8532 /* Project object */;
}
